
Microsoft Visual Studio Solution File, Format Version 12.00
# Visual Studio 14
VisualStudioVersion = 14.0.25420.1
MinimumVisualStudioVersion = 10.0.40219.1
Project("{FAE04EC0-301F-11D3-BF4B-00C04F79EFBC}") = "NetCarto.CartoCSS", "NetCartoDB.CartoCSS\NetCarto.CartoCSS.csproj", "{8AE188FD-18A6-4673-999E-401D146F7D7D}"
EndProject
Project("{FAE04EC0-301F-11D3-BF4B-00C04F79EFBC}") = "NetCarto.Core", "NetCartoDB.Core\NetCarto.Core.csproj", "{BD9D9D02-B942-43A5-AD63-591BC3BF81A2}"
EndProject
Project("{FAE04EC0-301F-11D3-BF4B-00C04F79EFBC}") = "NetCarto.Import", "NetCartoDB.Import\NetCarto.Import.csproj", "{A8972C8A-9523-485D-9316-0B2E3F3A1B6E}"
EndProject
Project("{FAE04EC0-301F-11D3-BF4B-00C04F79EFBC}") = "NetCarto.SQL", "NetCartoDB.SQL\NetCarto.SQL.csproj", "{C2FA7A57-FA17-4C87-A086-77C86DA115C1}"
EndProject
Project("{FAE04EC0-301F-11D3-BF4B-00C04F79EFBC}") = "NetCarto.Map.Common", "NetCartoDB.Map.Core\NetCarto.Map.Common.csproj", "{C5A68E05-E51E-4A37-BC63-C08C2DA5774B}"
EndProject
Project("{FAE04EC0-301F-11D3-BF4B-00C04F79EFBC}") = "NetCarto.Map.WinForms", "NetCartoDB.Map.WinForms\NetCarto.Map.WinForms.csproj", "{FF0C824F-8C3E-451C-9920-881191E7BCC8}"
EndProject
Project("{FAE04EC0-301F-11D3-BF4B-00C04F79EFBC}") = "NetCarto.Test.WinForms", "NetCartoDB.Test.WinForms\NetCarto.Test.WinForms.csproj", "{64C88BA0-5D3F-45B1-B956-BE9F25056D75}"
EndProject
Project("{FAE04EC0-301F-11D3-BF4B-00C04F79EFBC}") = "NetCarto.Test.SQL", "NetCartoDB.Test.SQL\NetCarto.Test.SQL.csproj", "{A5A0426B-3D80-4730-A19C-C1DA2CAA24CB}"
EndProject
Project("{FAE04EC0-301F-11D3-BF4B-00C04F79EFBC}") = "NetCarto.Developers.Tools", "NetCartoDB.Developers.Tools\NetCarto.Developers.Tools.csproj", "{DF588BDA-6BB9-4D4B-A7DC-5FFA4ABD1471}"
EndProject
Global
	GlobalSection(SolutionConfigurationPlatforms) = preSolution
		Debug|Any CPU = Debug|Any CPU
		Debug|x64 = Debug|x64
		Debug|x86 = Debug|x86
		Release|Any CPU = Release|Any CPU
		Release|x64 = Release|x64
		Release|x86 = Release|x86
	EndGlobalSection
	GlobalSection(ProjectConfigurationPlatforms) = postSolution
		{8AE188FD-18A6-4673-999E-401D146F7D7D}.Debug|Any CPU.ActiveCfg = Debug|Any CPU
		{8AE188FD-18A6-4673-999E-401D146F7D7D}.Debug|Any CPU.Build.0 = Debug|Any CPU
		{8AE188FD-18A6-4673-999E-401D146F7D7D}.Debug|x64.ActiveCfg = Debug|Any CPU
		{8AE188FD-18A6-4673-999E-401D146F7D7D}.Debug|x64.Build.0 = Debug|Any CPU
		{8AE188FD-18A6-4673-999E-401D146F7D7D}.Debug|x86.ActiveCfg = Debug|Any CPU
		{8AE188FD-18A6-4673-999E-401D146F7D7D}.Debug|x86.Build.0 = Debug|Any CPU
		{8AE188FD-18A6-4673-999E-401D146F7D7D}.Release|Any CPU.ActiveCfg = Release|Any CPU
		{8AE188FD-18A6-4673-999E-401D146F7D7D}.Release|Any CPU.Build.0 = Release|Any CPU
		{8AE188FD-18A6-4673-999E-401D146F7D7D}.Release|x64.ActiveCfg = Release|Any CPU
		{8AE188FD-18A6-4673-999E-401D146F7D7D}.Release|x64.Build.0 = Release|Any CPU
		{8AE188FD-18A6-4673-999E-401D146F7D7D}.Release|x86.ActiveCfg = Release|Any CPU
		{8AE188FD-18A6-4673-999E-401D146F7D7D}.Release|x86.Build.0 = Release|Any CPU
		{BD9D9D02-B942-43A5-AD63-591BC3BF81A2}.Debug|Any CPU.ActiveCfg = Debug|Any CPU
		{BD9D9D02-B942-43A5-AD63-591BC3BF81A2}.Debug|Any CPU.Build.0 = Debug|Any CPU
		{BD9D9D02-B942-43A5-AD63-591BC3BF81A2}.Debug|x64.ActiveCfg = Debug|Any CPU
		{BD9D9D02-B942-43A5-AD63-591BC3BF81A2}.Debug|x64.Build.0 = Debug|Any CPU
		{BD9D9D02-B942-43A5-AD63-591BC3BF81A2}.Debug|x86.ActiveCfg = Debug|Any CPU
		{BD9D9D02-B942-43A5-AD63-591BC3BF81A2}.Debug|x86.Build.0 = Debug|Any CPU
		{BD9D9D02-B942-43A5-AD63-591BC3BF81A2}.Release|Any CPU.ActiveCfg = Release|Any CPU
		{BD9D9D02-B942-43A5-AD63-591BC3BF81A2}.Release|Any CPU.Build.0 = Release|Any CPU
		{BD9D9D02-B942-43A5-AD63-591BC3BF81A2}.Release|x64.ActiveCfg = Release|Any CPU
		{BD9D9D02-B942-43A5-AD63-591BC3BF81A2}.Release|x64.Build.0 = Release|Any CPU
		{BD9D9D02-B942-43A5-AD63-591BC3BF81A2}.Release|x86.ActiveCfg = Release|Any CPU
		{BD9D9D02-B942-43A5-AD63-591BC3BF81A2}.Release|x86.Build.0 = Release|Any CPU
		{A8972C8A-9523-485D-9316-0B2E3F3A1B6E}.Debug|Any CPU.ActiveCfg = Debug|Any CPU
		{A8972C8A-9523-485D-9316-0B2E3F3A1B6E}.Debug|Any CPU.Build.0 = Debug|Any CPU
		{A8972C8A-9523-485D-9316-0B2E3F3A1B6E}.Debug|x64.ActiveCfg = Debug|Any CPU
		{A8972C8A-9523-485D-9316-0B2E3F3A1B6E}.Debug|x64.Build.0 = Debug|Any CPU
		{A8972C8A-9523-485D-9316-0B2E3F3A1B6E}.Debug|x86.ActiveCfg = Debug|Any CPU
		{A8972C8A-9523-485D-9316-0B2E3F3A1B6E}.Debug|x86.Build.0 = Debug|Any CPU
		{A8972C8A-9523-485D-9316-0B2E3F3A1B6E}.Release|Any CPU.ActiveCfg = Release|Any CPU
		{A8972C8A-9523-485D-9316-0B2E3F3A1B6E}.Release|Any CPU.Build.0 = Release|Any CPU
		{A8972C8A-9523-485D-9316-0B2E3F3A1B6E}.Release|x64.ActiveCfg = Release|Any CPU
		{A8972C8A-9523-485D-9316-0B2E3F3A1B6E}.Release|x64.Build.0 = Release|Any CPU
		{A8972C8A-9523-485D-9316-0B2E3F3A1B6E}.Release|x86.ActiveCfg = Release|Any CPU
		{A8972C8A-9523-485D-9316-0B2E3F3A1B6E}.Release|x86.Build.0 = Release|Any CPU
		{C2FA7A57-FA17-4C87-A086-77C86DA115C1}.Debug|Any CPU.ActiveCfg = Debug|Any CPU
		{C2FA7A57-FA17-4C87-A086-77C86DA115C1}.Debug|Any CPU.Build.0 = Debug|Any CPU
		{C2FA7A57-FA17-4C87-A086-77C86DA115C1}.Debug|x64.ActiveCfg = Debug|Any CPU
		{C2FA7A57-FA17-4C87-A086-77C86DA115C1}.Debug|x64.Build.0 = Debug|Any CPU
		{C2FA7A57-FA17-4C87-A086-77C86DA115C1}.Debug|x86.ActiveCfg = Debug|Any CPU
		{C2FA7A57-FA17-4C87-A086-77C86DA115C1}.Debug|x86.Build.0 = Debug|Any CPU
		{C2FA7A57-FA17-4C87-A086-77C86DA115C1}.Release|Any CPU.ActiveCfg = Release|Any CPU
		{C2FA7A57-FA17-4C87-A086-77C86DA115C1}.Release|Any CPU.Build.0 = Release|Any CPU
		{C2FA7A57-FA17-4C87-A086-77C86DA115C1}.Release|x64.ActiveCfg = Release|Any CPU
		{C2FA7A57-FA17-4C87-A086-77C86DA115C1}.Release|x64.Build.0 = Release|Any CPU
		{C2FA7A57-FA17-4C87-A086-77C86DA115C1}.Release|x86.ActiveCfg = Release|Any CPU
		{C2FA7A57-FA17-4C87-A086-77C86DA115C1}.Release|x86.Build.0 = Release|Any CPU
		{C5A68E05-E51E-4A37-BC63-C08C2DA5774B}.Debug|Any CPU.ActiveCfg = Debug|Any CPU
		{C5A68E05-E51E-4A37-BC63-C08C2DA5774B}.Debug|Any CPU.Build.0 = Debug|Any CPU
		{C5A68E05-E51E-4A37-BC63-C08C2DA5774B}.Debug|x64.ActiveCfg = Debug|Any CPU
		{C5A68E05-E51E-4A37-BC63-C08C2DA5774B}.Debug|x64.Build.0 = Debug|Any CPU
		{C5A68E05-E51E-4A37-BC63-C08C2DA5774B}.Debug|x86.ActiveCfg = Debug|Any CPU
		{C5A68E05-E51E-4A37-BC63-C08C2DA5774B}.Debug|x86.Build.0 = Debug|Any CPU
		{C5A68E05-E51E-4A37-BC63-C08C2DA5774B}.Release|Any CPU.ActiveCfg = Release|Any CPU
		{C5A68E05-E51E-4A37-BC63-C08C2DA5774B}.Release|Any CPU.Build.0 = Release|Any CPU
		{C5A68E05-E51E-4A37-BC63-C08C2DA5774B}.Release|x64.ActiveCfg = Release|Any CPU
		{C5A68E05-E51E-4A37-BC63-C08C2DA5774B}.Release|x64.Build.0 = Release|Any CPU
		{C5A68E05-E51E-4A37-BC63-C08C2DA5774B}.Release|x86.ActiveCfg = Release|Any CPU
		{C5A68E05-E51E-4A37-BC63-C08C2DA5774B}.Release|x86.Build.0 = Release|Any CPU
		{FF0C824F-8C3E-451C-9920-881191E7BCC8}.Debug|Any CPU.ActiveCfg = Debug|Any CPU
		{FF0C824F-8C3E-451C-9920-881191E7BCC8}.Debug|Any CPU.Build.0 = Debug|Any CPU
		{FF0C824F-8C3E-451C-9920-881191E7BCC8}.Debug|x64.ActiveCfg = Debug|x64
		{FF0C824F-8C3E-451C-9920-881191E7BCC8}.Debug|x64.Build.0 = Debug|x64
		{FF0C824F-8C3E-451C-9920-881191E7BCC8}.Debug|x86.ActiveCfg = Debug|x86
		{FF0C824F-8C3E-451C-9920-881191E7BCC8}.Debug|x86.Build.0 = Debug|x86
		{FF0C824F-8C3E-451C-9920-881191E7BCC8}.Release|Any CPU.ActiveCfg = Release|Any CPU
		{FF0C824F-8C3E-451C-9920-881191E7BCC8}.Release|Any CPU.Build.0 = Release|Any CPU
		{FF0C824F-8C3E-451C-9920-881191E7BCC8}.Release|x64.ActiveCfg = Release|x64
		{FF0C824F-8C3E-451C-9920-881191E7BCC8}.Release|x64.Build.0 = Release|x64
		{FF0C824F-8C3E-451C-9920-881191E7BCC8}.Release|x86.ActiveCfg = Release|x86
		{FF0C824F-8C3E-451C-9920-881191E7BCC8}.Release|x86.Build.0 = Release|x86
		{64C88BA0-5D3F-45B1-B956-BE9F25056D75}.Debug|Any CPU.ActiveCfg = Debug|Any CPU
		{64C88BA0-5D3F-45B1-B956-BE9F25056D75}.Debug|Any CPU.Build.0 = Debug|Any CPU
		{64C88BA0-5D3F-45B1-B956-BE9F25056D75}.Debug|x64.ActiveCfg = Debug|Any CPU
		{64C88BA0-5D3F-45B1-B956-BE9F25056D75}.Debug|x64.Build.0 = Debug|Any CPU
		{64C88BA0-5D3F-45B1-B956-BE9F25056D75}.Debug|x86.ActiveCfg = Debug|Any CPU
		{64C88BA0-5D3F-45B1-B956-BE9F25056D75}.Debug|x86.Build.0 = Debug|Any CPU
		{64C88BA0-5D3F-45B1-B956-BE9F25056D75}.Release|Any CPU.ActiveCfg = Release|Any CPU
		{64C88BA0-5D3F-45B1-B956-BE9F25056D75}.Release|Any CPU.Build.0 = Release|Any CPU
		{64C88BA0-5D3F-45B1-B956-BE9F25056D75}.Release|x64.ActiveCfg = Release|Any CPU
		{64C88BA0-5D3F-45B1-B956-BE9F25056D75}.Release|x64.Build.0 = Release|Any CPU
		{64C88BA0-5D3F-45B1-B956-BE9F25056D75}.Release|x86.ActiveCfg = Release|Any CPU
		{64C88BA0-5D3F-45B1-B956-BE9F25056D75}.Release|x86.Build.0 = Release|Any CPU
		{A5A0426B-3D80-4730-A19C-C1DA2CAA24CB}.Debug|Any CPU.ActiveCfg = Debug|Any CPU
		{A5A0426B-3D80-4730-A19C-C1DA2CAA24CB}.Debug|Any CPU.Build.0 = Debug|Any CPU
		{A5A0426B-3D80-4730-A19C-C1DA2CAA24CB}.Debug|x64.ActiveCfg = Debug|Any CPU
		{A5A0426B-3D80-4730-A19C-C1DA2CAA24CB}.Debug|x64.Build.0 = Debug|Any CPU
		{A5A0426B-3D80-4730-A19C-C1DA2CAA24CB}.Debug|x86.ActiveCfg = Debug|Any CPU
		{A5A0426B-3D80-4730-A19C-C1DA2CAA24CB}.Debug|x86.Build.0 = Debug|Any CPU
		{A5A0426B-3D80-4730-A19C-C1DA2CAA24CB}.Release|Any CPU.ActiveCfg = Release|Any CPU
		{A5A0426B-3D80-4730-A19C-C1DA2CAA24CB}.Release|Any CPU.Build.0 = Release|Any CPU
		{A5A0426B-3D80-4730-A19C-C1DA2CAA24CB}.Release|x64.ActiveCfg = Release|Any CPU
		{A5A0426B-3D80-4730-A19C-C1DA2CAA24CB}.Release|x64.Build.0 = Release|Any CPU
		{A5A0426B-3D80-4730-A19C-C1DA2CAA24CB}.Release|x86.ActiveCfg = Release|Any CPU
		{A5A0426B-3D80-4730-A19C-C1DA2CAA24CB}.Release|x86.Build.0 = Release|Any CPU
		{DF588BDA-6BB9-4D4B-A7DC-5FFA4ABD1471}.Debug|Any CPU.ActiveCfg = Debug|Any CPU
		{DF588BDA-6BB9-4D4B-A7DC-5FFA4ABD1471}.Debug|Any CPU.Build.0 = Debug|Any CPU
		{DF588BDA-6BB9-4D4B-A7DC-5FFA4ABD1471}.Debug|x64.ActiveCfg = Debug|Any CPU
		{DF588BDA-6BB9-4D4B-A7DC-5FFA4ABD1471}.Debug|x64.Build.0 = Debug|Any CPU
		{DF588BDA-6BB9-4D4B-A7DC-5FFA4ABD1471}.Debug|x86.ActiveCfg = Debug|Any CPU
		{DF588BDA-6BB9-4D4B-A7DC-5FFA4ABD1471}.Debug|x86.Build.0 = Debug|Any CPU
		{DF588BDA-6BB9-4D4B-A7DC-5FFA4ABD1471}.Release|Any CPU.ActiveCfg = Release|Any CPU
		{DF588BDA-6BB9-4D4B-A7DC-5FFA4ABD1471}.Release|Any CPU.Build.0 = Release|Any CPU
		{DF588BDA-6BB9-4D4B-A7DC-5FFA4ABD1471}.Release|x64.ActiveCfg = Release|Any CPU
		{DF588BDA-6BB9-4D4B-A7DC-5FFA4ABD1471}.Release|x64.Build.0 = Release|Any CPU
		{DF588BDA-6BB9-4D4B-A7DC-5FFA4ABD1471}.Release|x86.ActiveCfg = Release|Any CPU
		{DF588BDA-6BB9-4D4B-A7DC-5FFA4ABD1471}.Release|x86.Build.0 = Release|Any CPU
	EndGlobalSection
	GlobalSection(SolutionProperties) = preSolution
		HideSolutionNode = FALSE
	EndGlobalSection
EndGlobal
